
Microsoft Visual Studio Solution File, Format Version 12.00
# Visual Studio 2013
VisualStudioVersion = 12.0.21005.1
MinimumVisualStudioVersion = 10.0.40219.1
Project("{FAE04EC0-301F-11D3-BF4B-00C04F79EFBC}") = "NovinhaNoGrau.NoFluxo.API", "NovinhaNoGrau.NoFluxo.API\NovinhaNoGrau.NoFluxo.API.csproj", "{B3E9CC3D-F0AE-4883-93CF-1674CEFB74AF}"
EndProject
Global
	GlobalSection(SolutionConfigurationPlatforms) = preSolution
		Debug|Any CPU = Debug|Any CPU
		Release|Any CPU = Release|Any CPU
	EndGlobalSection
	GlobalSection(ProjectConfigurationPlatforms) = postSolution
		{B3E9CC3D-F0AE-4883-93CF-1674CEFB74AF}.Debug|Any CPU.ActiveCfg = Debug|Any CPU
		{B3E9CC3D-F0AE-4883-93CF-1674CEFB74AF}.Debug|Any CPU.Build.0 = Debug|Any CPU
		{B3E9CC3D-F0AE-4883-93CF-1674CEFB74AF}.Release|Any CPU.ActiveCfg = Release|Any CPU
		{B3E9CC3D-F0AE-4883-93CF-1674CEFB74AF}.Release|Any CPU.Build.0 = Release|Any CPU
	EndGlobalSection
	GlobalSection(SolutionProperties) = preSolution
		HideSolutionNode = FALSE
	EndGlobalSection
EndGlobal
